
Microsoft Visual Studio Solution File, Format Version 12.00
# Visual Studio Version 17
VisualStudioVersion = 17.11.35222.181
MinimumVisualStudioVersion = 10.0.40219.1
Project("{2150E333-8FDC-42A3-9474-1A3956D46DE8}") = "Tests", "Tests", "{5EB3052A-109C-4502-AC6B-79836D81F456}"
EndProject
Project("{9A19103F-16F7-4668-BE54-9A1E7A4F7556}") = "Edam.Tests.FileSysmteDb", "Tests\Edam.Tests.FileSysmteDb\Edam.Tests.FileSysmteDb.csproj", "{66EBB9B2-C737-42F0-A0CD-866E939871C0}"
EndProject
Project("{9A19103F-16F7-4668-BE54-9A1E7A4F7556}") = "Edam.Data.CatalogDb", "Edam.Data.CatalogDb\Edam.Data.CatalogDb.csproj", "{3779A84A-5F3D-419A-8AEE-C315DD14C5F6}"
EndProject
Project("{9A19103F-16F7-4668-BE54-9A1E7A4F7556}") = "Edam.Data.CatalogModel", "Edam.Data.CatalogModel\Edam.Data.CatalogModel.csproj", "{B4D38A97-BBD3-48B0-A600-8D4C5EF30560}"
EndProject
Global
	GlobalSection(SolutionConfigurationPlatforms) = preSolution
		Debug|Any CPU = Debug|Any CPU
		Release|Any CPU = Release|Any CPU
	EndGlobalSection
	GlobalSection(ProjectConfigurationPlatforms) = postSolution
		{66EBB9B2-C737-42F0-A0CD-866E939871C0}.Debug|Any CPU.ActiveCfg = Debug|Any CPU
		{66EBB9B2-C737-42F0-A0CD-866E939871C0}.Debug|Any CPU.Build.0 = Debug|Any CPU
		{66EBB9B2-C737-42F0-A0CD-866E939871C0}.Release|Any CPU.ActiveCfg = Release|Any CPU
		{66EBB9B2-C737-42F0-A0CD-866E939871C0}.Release|Any CPU.Build.0 = Release|Any CPU
		{3779A84A-5F3D-419A-8AEE-C315DD14C5F6}.Debug|Any CPU.ActiveCfg = Debug|Any CPU
		{3779A84A-5F3D-419A-8AEE-C315DD14C5F6}.Debug|Any CPU.Build.0 = Debug|Any CPU
		{3779A84A-5F3D-419A-8AEE-C315DD14C5F6}.Release|Any CPU.ActiveCfg = Release|Any CPU
		{3779A84A-5F3D-419A-8AEE-C315DD14C5F6}.Release|Any CPU.Build.0 = Release|Any CPU
		{B4D38A97-BBD3-48B0-A600-8D4C5EF30560}.Debug|Any CPU.ActiveCfg = Debug|Any CPU
		{B4D38A97-BBD3-48B0-A600-8D4C5EF30560}.Debug|Any CPU.Build.0 = Debug|Any CPU
		{B4D38A97-BBD3-48B0-A600-8D4C5EF30560}.Release|Any CPU.ActiveCfg = Release|Any CPU
		{B4D38A97-BBD3-48B0-A600-8D4C5EF30560}.Release|Any CPU.Build.0 = Release|Any CPU
	EndGlobalSection
	GlobalSection(SolutionProperties) = preSolution
		HideSolutionNode = FALSE
	EndGlobalSection
	GlobalSection(NestedProjects) = preSolution
		{66EBB9B2-C737-42F0-A0CD-866E939871C0} = {5EB3052A-109C-4502-AC6B-79836D81F456}
	EndGlobalSection
	GlobalSection(ExtensibilityGlobals) = postSolution
		SolutionGuid = {BFFD8D12-453B-478C-AD91-C49907A77256}
	EndGlobalSection
EndGlobal
