
Microsoft Visual Studio Solution File, Format Version 12.00
# Visual Studio Version 17
VisualStudioVersion = 17.11.35222.181
MinimumVisualStudioVersion = 10.0.40219.1
Project("{FAE04EC0-301F-11D3-BF4B-00C04F79EFBC}") = "Edam.Data.Catalog.Console", "Edam.Data.Catalog.Console.csproj", "{4F8B04B1-0CA4-4E55-9BA6-98BD5FFC8DB0}"
EndProject
Global
	GlobalSection(SolutionConfigurationPlatforms) = preSolution
		Debug|Any CPU = Debug|Any CPU
		Release|Any CPU = Release|Any CPU
	EndGlobalSection
	GlobalSection(ProjectConfigurationPlatforms) = postSolution
		{4F8B04B1-0CA4-4E55-9BA6-98BD5FFC8DB0}.Debug|Any CPU.ActiveCfg = Debug|Any CPU
		{4F8B04B1-0CA4-4E55-9BA6-98BD5FFC8DB0}.Debug|Any CPU.Build.0 = Debug|Any CPU
		{4F8B04B1-0CA4-4E55-9BA6-98BD5FFC8DB0}.Debug|Any CPU.Deploy.0 = Debug|Any CPU
		{4F8B04B1-0CA4-4E55-9BA6-98BD5FFC8DB0}.Release|Any CPU.ActiveCfg = Release|Any CPU
		{4F8B04B1-0CA4-4E55-9BA6-98BD5FFC8DB0}.Release|Any CPU.Build.0 = Release|Any CPU
		{4F8B04B1-0CA4-4E55-9BA6-98BD5FFC8DB0}.Release|Any CPU.Deploy.0 = Release|Any CPU
	EndGlobalSection
	GlobalSection(SolutionProperties) = preSolution
		HideSolutionNode = FALSE
	EndGlobalSection
	GlobalSection(ExtensibilityGlobals) = postSolution
		SolutionGuid = {1CB0C364-E1AA-4A0E-ADFD-B2B6EA53B292}
	EndGlobalSection
EndGlobal
