
Microsoft Visual Studio Solution File, Format Version 12.00
# Visual Studio Version 17
VisualStudioVersion = 17.11.35222.181
MinimumVisualStudioVersion = 10.0.40219.1
Project("{9A19103F-16F7-4668-BE54-9A1E7A4F7556}") = "Edam.Data.CatalogExplorer", "Edam.Data.CatalogExplorer\Edam.Data.CatalogExplorer.csproj", "{F48702B7-457B-4A0E-A8C0-EF298E2F65B4}"
EndProject
Project("{2150E333-8FDC-42A3-9474-1A3956D46DE8}") = "Solution Items", "Solution Items", "{A9235AE5-C018-4738-BF44-303DBD959CD2}"
	ProjectSection(SolutionItems) = preProject
		.gitignore = .gitignore
		Directory.Build.props = Directory.Build.props
		Directory.Build.targets = Directory.Build.targets
		Directory.Packages.props = Directory.Packages.props
		global.json = global.json
	EndProjectSection
EndProject
Project("{2150E333-8FDC-42A3-9474-1A3956D46DE8}") = "Libraries", "Libraries", "{DAA062D6-F8A1-42C2-9203-AA04E7C15240}"
EndProject
Project("{9A19103F-16F7-4668-BE54-9A1E7A4F7556}") = "Edam.UI.Catalog", "Edam.UI.Catalog\Edam.UI.Catalog.csproj", "{22EA827A-CF28-480C-9184-FB88F556E25B}"
EndProject
Project("{9A19103F-16F7-4668-BE54-9A1E7A4F7556}") = "Edam.Data.CatalogModel", "..\Edam.Data.CatalogModel\Edam.Data.CatalogModel.csproj", "{D49ECBD6-01A3-482B-88DC-F9BD37092775}"
EndProject
Project("{9A19103F-16F7-4668-BE54-9A1E7A4F7556}") = "Edam.Data.CatalogDb", "..\Edam.Data.CatalogDb\Edam.Data.CatalogDb.csproj", "{B9D2E7F3-299F-469F-B7D7-F6AA395D0341}"
EndProject
Project("{9A19103F-16F7-4668-BE54-9A1E7A4F7556}") = "Edam.Data.CatalogServiceClient", "..\Edam.Data.CatalogServiceClient\Edam.Data.CatalogServiceClient.csproj", "{EF7C8488-FBFF-489E-B682-494458F24B7A}"
EndProject
Project("{2150E333-8FDC-42A3-9474-1A3956D46DE8}") = "Tests", "Tests", "{0066CE5C-FD46-4B23-971B-D7639330DE68}"
EndProject
Project("{FAE04EC0-301F-11D3-BF4B-00C04F79EFBC}") = "Edam.Tests.CatalogServiceClient", "..\Tests\Edam.Tests.CatalogServiceClient\Edam.Tests.CatalogServiceClient.csproj", "{1C1B4696-DEDE-4866-B28B-CBACA5CAF064}"
EndProject
Global
	GlobalSection(SolutionConfigurationPlatforms) = preSolution
		Debug|Any CPU = Debug|Any CPU
		Release|Any CPU = Release|Any CPU
	EndGlobalSection
	GlobalSection(ProjectConfigurationPlatforms) = postSolution
		{F48702B7-457B-4A0E-A8C0-EF298E2F65B4}.Debug|Any CPU.ActiveCfg = Debug|Any CPU
		{F48702B7-457B-4A0E-A8C0-EF298E2F65B4}.Debug|Any CPU.Build.0 = Debug|Any CPU
		{F48702B7-457B-4A0E-A8C0-EF298E2F65B4}.Debug|Any CPU.Deploy.0 = Debug|Any CPU
		{F48702B7-457B-4A0E-A8C0-EF298E2F65B4}.Release|Any CPU.ActiveCfg = Release|Any CPU
		{F48702B7-457B-4A0E-A8C0-EF298E2F65B4}.Release|Any CPU.Build.0 = Release|Any CPU
		{F48702B7-457B-4A0E-A8C0-EF298E2F65B4}.Release|Any CPU.Deploy.0 = Release|Any CPU
		{22EA827A-CF28-480C-9184-FB88F556E25B}.Debug|Any CPU.ActiveCfg = Debug|Any CPU
		{22EA827A-CF28-480C-9184-FB88F556E25B}.Debug|Any CPU.Build.0 = Debug|Any CPU
		{22EA827A-CF28-480C-9184-FB88F556E25B}.Release|Any CPU.ActiveCfg = Release|Any CPU
		{22EA827A-CF28-480C-9184-FB88F556E25B}.Release|Any CPU.Build.0 = Release|Any CPU
		{D49ECBD6-01A3-482B-88DC-F9BD37092775}.Debug|Any CPU.ActiveCfg = Debug|Any CPU
		{D49ECBD6-01A3-482B-88DC-F9BD37092775}.Debug|Any CPU.Build.0 = Debug|Any CPU
		{D49ECBD6-01A3-482B-88DC-F9BD37092775}.Release|Any CPU.ActiveCfg = Release|Any CPU
		{D49ECBD6-01A3-482B-88DC-F9BD37092775}.Release|Any CPU.Build.0 = Release|Any CPU
		{B9D2E7F3-299F-469F-B7D7-F6AA395D0341}.Debug|Any CPU.ActiveCfg = Debug|Any CPU
		{B9D2E7F3-299F-469F-B7D7-F6AA395D0341}.Debug|Any CPU.Build.0 = Debug|Any CPU
		{B9D2E7F3-299F-469F-B7D7-F6AA395D0341}.Release|Any CPU.ActiveCfg = Release|Any CPU
		{B9D2E7F3-299F-469F-B7D7-F6AA395D0341}.Release|Any CPU.Build.0 = Release|Any CPU
		{EF7C8488-FBFF-489E-B682-494458F24B7A}.Debug|Any CPU.ActiveCfg = Debug|Any CPU
		{EF7C8488-FBFF-489E-B682-494458F24B7A}.Debug|Any CPU.Build.0 = Debug|Any CPU
		{EF7C8488-FBFF-489E-B682-494458F24B7A}.Release|Any CPU.ActiveCfg = Release|Any CPU
		{EF7C8488-FBFF-489E-B682-494458F24B7A}.Release|Any CPU.Build.0 = Release|Any CPU
		{1C1B4696-DEDE-4866-B28B-CBACA5CAF064}.Debug|Any CPU.ActiveCfg = Debug|Any CPU
		{1C1B4696-DEDE-4866-B28B-CBACA5CAF064}.Debug|Any CPU.Build.0 = Debug|Any CPU
		{1C1B4696-DEDE-4866-B28B-CBACA5CAF064}.Release|Any CPU.ActiveCfg = Release|Any CPU
		{1C1B4696-DEDE-4866-B28B-CBACA5CAF064}.Release|Any CPU.Build.0 = Release|Any CPU
	EndGlobalSection
	GlobalSection(SolutionProperties) = preSolution
		HideSolutionNode = FALSE
	EndGlobalSection
	GlobalSection(NestedProjects) = preSolution
		{22EA827A-CF28-480C-9184-FB88F556E25B} = {DAA062D6-F8A1-42C2-9203-AA04E7C15240}
		{D49ECBD6-01A3-482B-88DC-F9BD37092775} = {DAA062D6-F8A1-42C2-9203-AA04E7C15240}
		{B9D2E7F3-299F-469F-B7D7-F6AA395D0341} = {DAA062D6-F8A1-42C2-9203-AA04E7C15240}
		{EF7C8488-FBFF-489E-B682-494458F24B7A} = {DAA062D6-F8A1-42C2-9203-AA04E7C15240}
		{1C1B4696-DEDE-4866-B28B-CBACA5CAF064} = {0066CE5C-FD46-4B23-971B-D7639330DE68}
	EndGlobalSection
	GlobalSection(ExtensibilityGlobals) = postSolution
		SolutionGuid = {9E60B223-C389-4591-981C-CF364A93DBB8}
	EndGlobalSection
EndGlobal
